
Microsoft Visual Studio Solution File, Format Version 12.00
# Visual Studio Version 17
VisualStudioVersion = 17.6.33815.320
MinimumVisualStudioVersion = 10.0.40219.1
Project("{FAE04EC0-301F-11D3-BF4B-00C04F79EFBC}") = "Project3", "Project3\Project3.csproj", "{4C9F823B-B02F-4150-B1B1-9A819F335F7A}"
EndProject
Global
	GlobalSection(SolutionConfigurationPlatforms) = preSolution
		Debug|Any CPU = Debug|Any CPU
		Release|Any CPU = Release|Any CPU
	EndGlobalSection
	GlobalSection(ProjectConfigurationPlatforms) = postSolution
		{4C9F823B-B02F-4150-B1B1-9A819F335F7A}.Debug|Any CPU.ActiveCfg = Debug|Any CPU
		{4C9F823B-B02F-4150-B1B1-9A819F335F7A}.Debug|Any CPU.Build.0 = Debug|Any CPU
		{4C9F823B-B02F-4150-B1B1-9A819F335F7A}.Release|Any CPU.ActiveCfg = Release|Any CPU
		{4C9F823B-B02F-4150-B1B1-9A819F335F7A}.Release|Any CPU.Build.0 = Release|Any CPU
	EndGlobalSection
	GlobalSection(SolutionProperties) = preSolution
		HideSolutionNode = FALSE
	EndGlobalSection
	GlobalSection(ExtensibilityGlobals) = postSolution
		SolutionGuid = {7652092E-4126-4543-82A3-51974D3F780E}
	EndGlobalSection
EndGlobal
